// !$*UTF8*$!
{
	archiveVersion = 1;
	classes = {
	};
	objectVersion = 46;
	objects = {

/* Begin PBXBuildFile section */
		D0C2282D1A2BA99D00A1AC1B /* main.m in Sources */ = {isa = PBXBuildFile; fileRef = D0C2282C1A2BA99D00A1AC1B /* main.m */; };
		D0C228301A2BA99D00A1AC1B /* AppDelegate.m in Sources */ = {isa = PBXBuildFile; fileRef = D0C2282F1A2BA99D00A1AC1B /* AppDelegate.m */; };
		D0C228331A2BA99D00A1AC1B /* ViewController.m in Sources */ = {isa = PBXBuildFile; fileRef = D0C228321A2BA99D00A1AC1B /* ViewController.m */; };
		D0C228361A2BA99D00A1AC1B /* Main.storyboard in Resources */ = {isa = PBXBuildFile; fileRef = D0C228341A2BA99D00A1AC1B /* Main.storyboard */; };
		D0C228381A2BA99D00A1AC1B /* Images.xcassets in Resources */ = {isa = PBXBuildFile; fileRef = D0C228371A2BA99D00A1AC1B /* Images.xcassets */; };
		D0C2283B1A2BA99D00A1AC1B /* LaunchScreen.xib in Resources */ = {isa = PBXBuildFile; fileRef = D0C228391A2BA99D00A1AC1B /* LaunchScreen.xib */; };
		D0C228471A2BA99D00A1AC1B /* JAColorPickerTests.m in Sources */ = {isa = PBXBuildFile; fileRef = D0C228461A2BA99D00A1AC1B /* JAColorPickerTests.m */; };
		D0C228561A2BAA0E00A1AC1B /* JAColorPicker.m in Sources */ = {isa = PBXBuildFile; fileRef = D0C228551A2BAA0E00A1AC1B /* JAColorPicker.m */; };
		D0C228591A2BB25500A1AC1B /* UIImageView+Pixel.m in Sources */ = {isa = PBXBuildFile; fileRef = D0C228581A2BB25500A1AC1B /* UIImageView+Pixel.m */; };
		D0C2285B1A2BB81300A1AC1B /* QuartzCore.framework in Frameworks */ = {isa = PBXBuildFile; fileRef = D0C2285A1A2BB81300A1AC1B /* QuartzCore.framework */; };
		D0C2285D1A2BCC4500A1AC1B /* colormap.png in Resources */ = {isa = PBXBuildFile; fileRef = D0C2285C1A2BCC4500A1AC1B /* colormap.png */; };
		D0C2285F1A2BD0AD00A1AC1B /* map-saturation.png in Resources */ = {isa = PBXBuildFile; fileRef = D0C2285E1A2BD0AD00A1AC1B /* map-saturation.png */; };
		D0C228611A2BD9A400A1AC1B /* red.png in Resources */ = {isa = PBXBuildFile; fileRef = D0C228601A2BD9A400A1AC1B /* red.png */; };
		D0C228631A2BE08D00A1AC1B /* multiplechoices.jpg in Resources */ = {isa = PBXBuildFile; fileRef = D0C228621A2BE08D00A1AC1B /* multiplechoices.jpg */; };
/* End PBXBuildFile section */

/* Begin PBXContainerItemProxy section */
		D0C228411A2BA99D00A1AC1B /* PBXContainerItemProxy */ = {
			isa = PBXContainerItemProxy;
			containerPortal = D0C2281F1A2BA99C00A1AC1B /* Project object */;
			proxyType = 1;
			remoteGlobalIDString = D0C228261A2BA99D00A1AC1B;
			remoteInfo = JAColorPicker;
		};
/* End PBXContainerItemProxy section */

/* Begin PBXFileReference section */
		D0C228271A2BA99D00A1AC1B /* JAColorPicker.app */ = {isa = PBXFileReference; explicitFileType = wrapper.application; includeInIndex = 0; path = JAColorPicker.app; sourceTree = BUILT_PRODUCTS_DIR; };
		D0C2282B1A2BA99D00A1AC1B /* Info.plist */ = {isa = PBXFileReference; lastKnownFileType = text.plist.xml; path = Info.plist; sourceTree = "<group>"; };
		D0C2282C1A2BA99D00A1AC1B /* main.m */ = {isa = PBXFileReference; lastKnownFileType = sourcecode.c.objc; path = main.m; sourceTree = "<group>"; };
		D0C2282E1A2BA99D00A1AC1B /* AppDelegate.h */ = {isa = PBXFileReference; lastKnownFileType = sourcecode.c.h; path = AppDelegate.h; sourceTree = "<group>"; };
		D0C2282F1A2BA99D00A1AC1B /* AppDelegate.m */ = {isa = PBXFileReference; lastKnownFileType = sourcecode.c.objc; path = AppDelegate.m; sourceTree = "<group>"; };
		D0C228311A2BA99D00A1AC1B /* ViewController.h */ = {isa = PBXFileReference; lastKnownFileType = sourcecode.c.h; path = ViewController.h; sourceTree = "<group>"; };
		D0C228321A2BA99D00A1AC1B /* ViewController.m */ = {isa = PBXFileReference; lastKnownFileType = sourcecode.c.objc; path = ViewController.m; sourceTree = "<group>"; };
		D0C228351A2BA99D00A1AC1B /* Base */ = {isa = PBXFileReference; lastKnownFileType = file.storyboard; name = Base; path = Base.lproj/Main.storyboard; sourceTree = "<group>"; };
		D0C228371A2BA99D00A1AC1B /* Images.xcassets */ = {isa = PBXFileReference; lastKnownFileType = folder.assetcatalog; path = Images.xcassets; sourceTree = "<group>"; };
		D0C2283A1A2BA99D00A1AC1B /* Base */ = {isa = PBXFileReference; lastKnownFileType = file.xib; name = Base; path = Base.lproj/LaunchScreen.xib; sourceTree = "<group>"; };
		D0C228401A2BA99D00A1AC1B /* JAColorPickerTests.xctest */ = {isa = PBXFileReference; explicitFileType = wrapper.cfbundle; includeInIndex = 0; path = JAColorPickerTests.xctest; sourceTree = BUILT_PRODUCTS_DIR; };
		D0C228451A2BA99D00A1AC1B /* Info.plist */ = {isa = PBXFileReference; lastKnownFileType = text.plist.xml; path = Info.plist; sourceTree = "<group>"; };
		D0C228461A2BA99D00A1AC1B /* JAColorPickerTests.m */ = {isa = PBXFileReference; lastKnownFileType = sourcecode.c.objc; path = JAColorPickerTests.m; sourceTree = "<group>"; };
		D0C228541A2BAA0E00A1AC1B /* JAColorPicker.h */ = {isa = PBXFileReference; fileEncoding = 4; lastKnownFileType = sourcecode.c.h; path = JAColorPicker.h; sourceTree = "<group>"; };
		D0C228551A2BAA0E00A1AC1B /* JAColorPicker.m */ = {isa = PBXFileReference; fileEncoding = 4; lastKnownFileType = sourcecode.c.objc; path = JAColorPicker.m; sourceTree = "<group>"; };
		D0C228571A2BB25500A1AC1B /* UIImageView+Pixel.h */ = {isa = PBXFileReference; fileEncoding = 4; lastKnownFileType = sourcecode.c.h; path = "UIImageView+Pixel.h"; sourceTree = "<group>"; };
		D0C228581A2BB25500A1AC1B /* UIImageView+Pixel.m */ = {isa = PBXFileReference; fileEncoding = 4; lastKnownFileType = sourcecode.c.objc; path = "UIImageView+Pixel.m"; sourceTree = "<group>"; };
		D0C2285A1A2BB81300A1AC1B /* QuartzCore.framework */ = {isa = PBXFileReference; lastKnownFileType = wrapper.framework; name = QuartzCore.framework; path = System/Library/Frameworks/QuartzCore.framework; sourceTree = SDKROOT; };
		D0C2285C1A2BCC4500A1AC1B /* colormap.png */ = {isa = PBXFileReference; lastKnownFileType = image.png; name = colormap.png; path = ../../../Desktop/colormap.png; sourceTree = "<group>"; };
		D0C2285E1A2BD0AD00A1AC1B /* map-saturation.png */ = {isa = PBXFileReference; lastKnownFileType = image.png; name = "map-saturation.png"; path = "../map-saturation.png"; sourceTree = "<group>"; };
		D0C228601A2BD9A400A1AC1B /* red.png */ = {isa = PBXFileReference; lastKnownFileType = image.png; path = red.png; sourceTree = "<group>"; };
		D0C228621A2BE08D00A1AC1B /* multiplechoices.jpg */ = {isa = PBXFileReference; lastKnownFileType = image.jpeg; path = multiplechoices.jpg; sourceTree = "<group>"; };
/* End PBXFileReference section */

/* Begin PBXFrameworksBuildPhase section */
		D0C228241A2BA99D00A1AC1B /* Frameworks */ = {
			isa = PBXFrameworksBuildPhase;
			buildActionMask = 2147483647;
			files = (
				D0C2285B1A2BB81300A1AC1B /* QuartzCore.framework in Frameworks */,
			);
			runOnlyForDeploymentPostprocessing = 0;
		};
		D0C2283D1A2BA99D00A1AC1B /* Frameworks */ = {
			isa = PBXFrameworksBuildPhase;
			buildActionMask = 2147483647;
			files = (
			);
			runOnlyForDeploymentPostprocessing = 0;
		};
/* End PBXFrameworksBuildPhase section */

/* Begin PBXGroup section */
		D0C2281E1A2BA99C00A1AC1B = {
			isa = PBXGroup;
			children = (
				D0C2285A1A2BB81300A1AC1B /* QuartzCore.framework */,
				D0C228501A2BA9A300A1AC1B /* JAColorPickerLibrary */,
				D0C228291A2BA99D00A1AC1B /* JAColorPickerExample */,
				D0C228431A2BA99D00A1AC1B /* JAColorPickerTests */,
				D0C228281A2BA99D00A1AC1B /* Products */,
			);
			sourceTree = "<group>";
		};
		D0C228281A2BA99D00A1AC1B /* Products */ = {
			isa = PBXGroup;
			children = (
				D0C228271A2BA99D00A1AC1B /* JAColorPicker.app */,
				D0C228401A2BA99D00A1AC1B /* JAColorPickerTests.xctest */,
			);
			name = Products;
			sourceTree = "<group>";
		};
		D0C228291A2BA99D00A1AC1B /* JAColorPickerExample */ = {
			isa = PBXGroup;
			children = (
				D0C2282E1A2BA99D00A1AC1B /* AppDelegate.h */,
				D0C2282F1A2BA99D00A1AC1B /* AppDelegate.m */,
				D0C228601A2BD9A400A1AC1B /* red.png */,
				D0C2285E1A2BD0AD00A1AC1B /* map-saturation.png */,
				D0C228621A2BE08D00A1AC1B /* multiplechoices.jpg */,
				D0C2285C1A2BCC4500A1AC1B /* colormap.png */,
				D0C228311A2BA99D00A1AC1B /* ViewController.h */,
				D0C228321A2BA99D00A1AC1B /* ViewController.m */,
				D0C228341A2BA99D00A1AC1B /* Main.storyboard */,
				D0C228371A2BA99D00A1AC1B /* Images.xcassets */,
				D0C228391A2BA99D00A1AC1B /* LaunchScreen.xib */,
				D0C2282A1A2BA99D00A1AC1B /* Supporting Files */,
			);
			name = JAColorPickerExample;
			path = JAColorPicker;
			sourceTree = "<group>";
		};
		D0C2282A1A2BA99D00A1AC1B /* Supporting Files */ = {
			isa = PBXGroup;
			children = (
				D0C2282B1A2BA99D00A1AC1B /* Info.plist */,
				D0C2282C1A2BA99D00A1AC1B /* main.m */,
			);
			name = "Supporting Files";
			sourceTree = "<group>";
		};
		D0C228431A2BA99D00A1AC1B /* JAColorPickerTests */ = {
			isa = PBXGroup;
			children = (
				D0C228461A2BA99D00A1AC1B /* JAColorPickerTests.m */,
				D0C228441A2BA99D00A1AC1B /* Supporting Files */,
			);
			path = JAColorPickerTests;
			sourceTree = "<group>";
		};
		D0C228441A2BA99D00A1AC1B /* Supporting Files */ = {
			isa = PBXGroup;
			children = (
				D0C228451A2BA99D00A1AC1B /* Info.plist */,
			);
			name = "Supporting Files";
			sourceTree = "<group>";
		};
		D0C228501A2BA9A300A1AC1B /* JAColorPickerLibrary */ = {
			isa = PBXGroup;
			children = (
				D0C228541A2BAA0E00A1AC1B /* JAColorPicker.h */,
				D0C228551A2BAA0E00A1AC1B /* JAColorPicker.m */,
				D0C228571A2BB25500A1AC1B /* UIImageView+Pixel.h */,
				D0C228581A2BB25500A1AC1B /* UIImageView+Pixel.m */,
			);
			name = JAColorPickerLibrary;
			sourceTree = "<group>";
		};
/* End PBXGroup section */

/* Begin PBXNativeTarget section */
		D0C228261A2BA99D00A1AC1B /* JAColorPicker */ = {
			isa = PBXNativeTarget;
			buildConfigurationList = D0C2284A1A2BA99D00A1AC1B /* Build configuration list for PBXNativeTarget "JAColorPicker" */;
			buildPhases = (
				D0C228231A2BA99D00A1AC1B /* Sources */,
				D0C228241A2BA99D00A1AC1B /* Frameworks */,
				D0C228251A2BA99D00A1AC1B /* Resources */,
			);
			buildRules = (
			);
			dependencies = (
			);
			name = JAColorPicker;
			productName = JAColorPicker;
			productReference = D0C228271A2BA99D00A1AC1B /* JAColorPicker.app */;
			productType = "com.apple.product-type.application";
		};
		D0C2283F1A2BA99D00A1AC1B /* JAColorPickerTests */ = {
			isa = PBXNativeTarget;
			buildConfigurationList = D0C2284D1A2BA99D00A1AC1B /* Build configuration list for PBXNativeTarget "JAColorPickerTests" */;
			buildPhases = (
				D0C2283C1A2BA99D00A1AC1B /* Sources */,
				D0C2283D1A2BA99D00A1AC1B /* Frameworks */,
				D0C2283E1A2BA99D00A1AC1B /* Resources */,
			);
			buildRules = (
			);
			dependencies = (
				D0C228421A2BA99D00A1AC1B /* PBXTargetDependency */,
			);
			name = JAColorPickerTests;
			productName = JAColorPickerTests;
			productReference = D0C228401A2BA99D00A1AC1B /* JAColorPickerTests.xctest */;
			productType = "com.apple.product-type.bundle.unit-test";
		};
/* End PBXNativeTarget section */

/* Begin PBXProject section */
		D0C2281F1A2BA99C00A1AC1B /* Project object */ = {
			isa = PBXProject;
			attributes = {
				LastUpgradeCheck = 0610;
				ORGANIZATIONNAME = "Mediocre Stuff";
				TargetAttributes = {
					D0C228261A2BA99D00A1AC1B = {
						CreatedOnToolsVersion = 6.1;
					};
					D0C2283F1A2BA99D00A1AC1B = {
						CreatedOnToolsVersion = 6.1;
						TestTargetID = D0C228261A2BA99D00A1AC1B;
					};
				};
			};
			buildConfigurationList = D0C228221A2BA99C00A1AC1B /* Build configuration list for PBXProject "JAColorPicker" */;
			compatibilityVersion = "Xcode 3.2";
			developmentRegion = English;
			hasScannedForEncodings = 0;
			knownRegions = (
				en,
				Base,
			);
			mainGroup = D0C2281E1A2BA99C00A1AC1B;
			productRefGroup = D0C228281A2BA99D00A1AC1B /* Products */;
			projectDirPath = "";
			projectRoot = "";
			targets = (
				D0C228261A2BA99D00A1AC1B /* JAColorPicker */,
				D0C2283F1A2BA99D00A1AC1B /* JAColorPickerTests */,
			);
		};
/* End PBXProject section */

/* Begin PBXResourcesBuildPhase section */
		D0C228251A2BA99D00A1AC1B /* Resources */ = {
			isa = PBXResourcesBuildPhase;
			buildActionMask = 2147483647;
			files = (
				D0C2285D1A2BCC4500A1AC1B /* colormap.png in Resources */,
				D0C228361A2BA99D00A1AC1B /* Main.storyboard in Resources */,
				D0C2283B1A2BA99D00A1AC1B /* LaunchScreen.xib in Resources */,
				D0C228611A2BD9A400A1AC1B /* red.png in Resources */,
				D0C228381A2BA99D00A1AC1B /* Images.xcassets in Resources */,
				D0C228631A2BE08D00A1AC1B /* multiplechoices.jpg in Resources */,
				D0C2285F1A2BD0AD00A1AC1B /* map-saturation.png in Resources */,
			);
			runOnlyForDeploymentPostprocessing = 0;
		};
		D0C2283E1A2BA99D00A1AC1B /* Resources */ = {
			isa = PBXResourcesBuildPhase;
			buildActionMask = 2147483647;
			files = (
			);
			runOnlyForDeploymentPostprocessing = 0;
		};
/* End PBXResourcesBuildPhase section */

/* Begin PBXSourcesBuildPhase section */
		D0C228231A2BA99D00A1AC1B /* Sources */ = {
			isa = PBXSourcesBuildPhase;
			buildActionMask = 2147483647;
			files = (
				D0C228331A2BA99D00A1AC1B /* ViewController.m in Sources */,
				D0C228301A2BA99D00A1AC1B /* AppDelegate.m in Sources */,
				D0C228561A2BAA0E00A1AC1B /* JAColorPicker.m in Sources */,
				D0C228591A2BB25500A1AC1B /* UIImageView+Pixel.m in Sources */,
				D0C2282D1A2BA99D00A1AC1B /* main.m in Sources */,
			);
			runOnlyForDeploymentPostprocessing = 0;
		};
		D0C2283C1A2BA99D00A1AC1B /* Sources */ = {
			isa = PBXSourcesBuildPhase;
			buildActionMask = 2147483647;
			files = (
				D0C228471A2BA99D00A1AC1B /* JAColorPickerTests.m in Sources */,
			);
			runOnlyForDeploymentPostprocessing = 0;
		};
/* End PBXSourcesBuildPhase section */

/* Begin PBXTargetDependency section */
		D0C228421A2BA99D00A1AC1B /* PBXTargetDependency */ = {
			isa = PBXTargetDependency;
			target = D0C228261A2BA99D00A1AC1B /* JAColorPicker */;
			targetProxy = D0C228411A2BA99D00A1AC1B /* PBXContainerItemProxy */;
		};
/* End PBXTargetDependency section */

/* Begin PBXVariantGroup section */
		D0C228341A2BA99D00A1AC1B /* Main.storyboard */ = {
			isa = PBXVariantGroup;
			children = (
				D0C228351A2BA99D00A1AC1B /* Base */,
			);
			name = Main.storyboard;
			sourceTree = "<group>";
		};
		D0C228391A2BA99D00A1AC1B /* LaunchScreen.xib */ = {
			isa = PBXVariantGroup;
			children = (
				D0C2283A1A2BA99D00A1AC1B /* Base */,
			);
			name = LaunchScreen.xib;
			sourceTree = "<group>";
		};
/* End PBXVariantGroup section */

/* Begin XCBuildConfiguration section */
		D0C228481A2BA99D00A1AC1B /* Debug */ = {
			isa = XCBuildConfiguration;
			buildSettings = {
				ALWAYS_SEARCH_USER_PATHS = NO;
				CLANG_CXX_LANGUAGE_STANDARD = "gnu++0x";
				CLANG_CXX_LIBRARY = "libc++";
				CLANG_ENABLE_MODULES = YES;
				CLANG_ENABLE_OBJC_ARC = YES;
				CLANG_WARN_BOOL_CONVERSION = YES;
				CLANG_WARN_CONSTANT_CONVERSION = YES;
				CLANG_WARN_DIRECT_OBJC_ISA_USAGE = YES_ERROR;
				CLANG_WARN_EMPTY_BODY = YES;
				CLANG_WARN_ENUM_CONVERSION = YES;
				CLANG_WARN_INT_CONVERSION = YES;
				CLANG_WARN_OBJC_ROOT_CLASS = YES_ERROR;
				CLANG_WARN_UNREACHABLE_CODE = YES;
				CLANG_WARN__DUPLICATE_METHOD_MATCH = YES;
				"CODE_SIGN_IDENTITY[sdk=iphoneos*]" = "iPhone Developer";
				COPY_PHASE_STRIP = NO;
				ENABLE_STRICT_OBJC_MSGSEND = YES;
				GCC_C_LANGUAGE_STANDARD = gnu99;
				GCC_DYNAMIC_NO_PIC = NO;
				GCC_OPTIMIZATION_LEVEL = 0;
				GCC_PREPROCESSOR_DEFINITIONS = (
					"DEBUG=1",
					"$(inherited)",
				);
				GCC_SYMBOLS_PRIVATE_EXTERN = NO;
				GCC_WARN_64_TO_32_BIT_CONVERSION = YES;
				GCC_WARN_ABOUT_RETURN_TYPE = YES_ERROR;
				GCC_WARN_UNDECLARED_SELECTOR = YES;
				GCC_WARN_UNINITIALIZED_AUTOS = YES_AGGRESSIVE;
				GCC_WARN_UNUSED_FUNCTION = YES;
				GCC_WARN_UNUSED_VARIABLE = YES;
				IPHONEOS_DEPLOYMENT_TARGET = 8.1;
				MTL_ENABLE_DEBUG_INFO = YES;
				ONLY_ACTIVE_ARCH = YES;
				SDKROOT = iphoneos;
				TARGETED_DEVICE_FAMILY = "1,2";
			};
			name = Debug;
		};
		D0C228491A2BA99D00A1AC1B /* Release */ = {
			isa = XCBuildConfiguration;
			buildSettings = {
				ALWAYS_SEARCH_USER_PATHS = NO;
				CLANG_CXX_LANGUAGE_STANDARD = "gnu++0x";
				CLANG_CXX_LIBRARY = "libc++";
				CLANG_ENABLE_MODULES = YES;
				CLANG_ENABLE_OBJC_ARC = YES;
				CLANG_WARN_BOOL_CONVERSION = YES;
				CLANG_WARN_CONSTANT_CONVERSION = YES;
				CLANG_WARN_DIRECT_OBJC_ISA_USAGE = YES_ERROR;
				CLANG_WARN_EMPTY_BODY = YES;
				CLANG_WARN_ENUM_CONVERSION = YES;
				CLANG_WARN_INT_CONVERSION = YES;
				CLANG_WARN_OBJC_ROOT_CLASS = YES_ERROR;
				CLANG_WARN_UNREACHABLE_CODE = YES;
				CLANG_WARN__DUPLICATE_METHOD_MATCH = YES;
				"CODE_SIGN_IDENTITY[sdk=iphoneos*]" = "iPhone Developer";
				COPY_PHASE_STRIP = YES;
				ENABLE_NS_ASSERTIONS = NO;
				ENABLE_STRICT_OBJC_MSGSEND = YES;
				GCC_C_LANGUAGE_STANDARD = gnu99;
				GCC_WARN_64_TO_32_BIT_CONVERSION = YES;
				GCC_WARN_ABOUT_RETURN_TYPE = YES_ERROR;
				GCC_WARN_UNDECLARED_SELECTOR = YES;
				GCC_WARN_UNINITIALIZED_AUTOS = YES_AGGRESSIVE;
				GCC_WARN_UNUSED_FUNCTION = YES;
				GCC_WARN_UNUSED_VARIABLE = YES;
				IPHONEOS_DEPLOYMENT_TARGET = 8.1;
				MTL_ENABLE_DEBUG_INFO = NO;
				SDKROOT = iphoneos;
				TARGETED_DEVICE_FAMILY = "1,2";
				VALIDATE_PRODUCT = YES;
			};
			name = Release;
		};
		D0C2284B1A2BA99D00A1AC1B /* Debug */ = {
			isa = XCBuildConfiguration;
			buildSettings = {
				ASSETCATALOG_COMPILER_APPICON_NAME = AppIcon;
				INFOPLIST_FILE = JAColorPicker/Info.plist;
				LD_RUNPATH_SEARCH_PATHS = "$(inherited) @executable_path/Frameworks";
				PRODUCT_NAME = "$(TARGET_NAME)";
			};
			name = Debug;
		};
		D0C2284C1A2BA99D00A1AC1B /* Release */ = {
			isa = XCBuildConfiguration;
			buildSettings = {
				ASSETCATALOG_COMPILER_APPICON_NAME = AppIcon;
				INFOPLIST_FILE = JAColorPicker/Info.plist;
				LD_RUNPATH_SEARCH_PATHS = "$(inherited) @executable_path/Frameworks";
				PRODUCT_NAME = "$(TARGET_NAME)";
			};
			name = Release;
		};
		D0C2284E1A2BA99D00A1AC1B /* Debug */ = {
			isa = XCBuildConfiguration;
			buildSettings = {
				BUNDLE_LOADER = "$(TEST_HOST)";
				FRAMEWORK_SEARCH_PATHS = (
					"$(SDKROOT)/Developer/Library/Frameworks",
					"$(inherited)",
				);
				GCC_PREPROCESSOR_DEFINITIONS = (
					"DEBUG=1",
					"$(inherited)",
				);
				INFOPLIST_FILE = JAColorPickerTests/Info.plist;
				LD_RUNPATH_SEARCH_PATHS = "$(inherited) @executable_path/Frameworks @loader_path/Frameworks";
				PRODUCT_NAME = "$(TARGET_NAME)";
				TEST_HOST = "$(BUILT_PRODUCTS_DIR)/JAColorPicker.app/JAColorPicker";
			};
			name = Debug;
		};
		D0C2284F1A2BA99D00A1AC1B /* Release */ = {
			isa = XCBuildConfiguration;
			buildSettings = {
				BUNDLE_LOADER = "$(TEST_HOST)";
				FRAMEWORK_SEARCH_PATHS = (
					"$(SDKROOT)/Developer/Library/Frameworks",
					"$(inherited)",
				);
				INFOPLIST_FILE = JAColorPickerTests/Info.plist;
				LD_RUNPATH_SEARCH_PATHS = "$(inherited) @executable_path/Frameworks @loader_path/Frameworks";
				PRODUCT_NAME = "$(TARGET_NAME)";
				TEST_HOST = "$(BUILT_PRODUCTS_DIR)/JAColorPicker.app/JAColorPicker";
			};
			name = Release;
		};
/* End XCBuildConfiguration section */

/* Begin XCConfigurationList section */
		D0C228221A2BA99C00A1AC1B /* Build configuration list for PBXProject "JAColorPicker" */ = {
			isa = XCConfigurationList;
			buildConfigurations = (
				D0C228481A2BA99D00A1AC1B /* Debug */,
				D0C228491A2BA99D00A1AC1B /* Release */,
			);
			defaultConfigurationIsVisible = 0;
			defaultConfigurationName = Release;
		};
		D0C2284A1A2BA99D00A1AC1B /* Build configuration list for PBXNativeTarget "JAColorPicker" */ = {
			isa = XCConfigurationList;
			buildConfigurations = (
				D0C2284B1A2BA99D00A1AC1B /* Debug */,
				D0C2284C1A2BA99D00A1AC1B /* Release */,
			);
			defaultConfigurationIsVisible = 0;
		};
		D0C2284D1A2BA99D00A1AC1B /* Build configuration list for PBXNativeTarget "JAColorPickerTests" */ = {
			isa = XCConfigurationList;
			buildConfigurations = (
				D0C2284E1A2BA99D00A1AC1B /* Debug */,
				D0C2284F1A2BA99D00A1AC1B /* Release */,
			);
			defaultConfigurationIsVisible = 0;
		};
/* End XCConfigurationList section */
	};
	rootObject = D0C2281F1A2BA99C00A1AC1B /* Project object */;
}
